Microsoft Visual Studio Solution File, Format Version 11.00
# Visual Studio 2008

Project("{EBD9BEC4-D70A-BC78-9D43-9C1F136B0538}") = "Layout", "Assembly-CSharp-firstpass.csproj", "{A4455447-2C62-85E8-4F5B-6CC181D19873}"
EndProject
Project("{EBD9BEC4-D70A-BC78-9D43-9C1F136B0538}") = "Layout", "Assembly-CSharp.csproj", "{0D085666-A0D0-99B1-106C-D07129CBA4A0}"
EndProject
Project("{EBD9BEC4-D70A-BC78-9D43-9C1F136B0538}") = "Layout", "Assembly-CSharp-Editor.csproj", "{BD67ACF9-0E65-4E16-77B0-059CCB8A8CD2}"
EndProject
Project("{EBD9BEC4-D70A-BC78-9D43-9C1F136B0538}") = "Layout", "Assembly-UnityScript-firstpass.unityproj", "{318A5964-A9A8-667F-0892-74735132AB9F}"
EndProject
Global
	GlobalSection(SolutionConfigurationPlatforms) = preSolution
		Debug|Any CPU = Debug|Any CPU
		Release|Any CPU = Release|Any CPU
	EndGlobalSection
	GlobalSection(ProjectConfigurationPlatforms) = postSolution
		{A4455447-2C62-85E8-4F5B-6CC181D19873}.Debug|Any CPU.ActiveCfg = Debug|Any CPU
		{A4455447-2C62-85E8-4F5B-6CC181D19873}.Debug|Any CPU.Build.0 = Debug|Any CPU
		{A4455447-2C62-85E8-4F5B-6CC181D19873}.Release|Any CPU.ActiveCfg = Release|Any CPU
		{A4455447-2C62-85E8-4F5B-6CC181D19873}.Release|Any CPU.Build.0 = Release|Any CPU
		{0D085666-A0D0-99B1-106C-D07129CBA4A0}.Debug|Any CPU.ActiveCfg = Debug|Any CPU
		{0D085666-A0D0-99B1-106C-D07129CBA4A0}.Debug|Any CPU.Build.0 = Debug|Any CPU
		{0D085666-A0D0-99B1-106C-D07129CBA4A0}.Release|Any CPU.ActiveCfg = Release|Any CPU
		{0D085666-A0D0-99B1-106C-D07129CBA4A0}.Release|Any CPU.Build.0 = Release|Any CPU
		{BD67ACF9-0E65-4E16-77B0-059CCB8A8CD2}.Debug|Any CPU.ActiveCfg = Debug|Any CPU
		{BD67ACF9-0E65-4E16-77B0-059CCB8A8CD2}.Debug|Any CPU.Build.0 = Debug|Any CPU
		{BD67ACF9-0E65-4E16-77B0-059CCB8A8CD2}.Release|Any CPU.ActiveCfg = Release|Any CPU
		{BD67ACF9-0E65-4E16-77B0-059CCB8A8CD2}.Release|Any CPU.Build.0 = Release|Any CPU
		{318A5964-A9A8-667F-0892-74735132AB9F}.Debug|Any CPU.ActiveCfg = Debug|Any CPU
		{318A5964-A9A8-667F-0892-74735132AB9F}.Debug|Any CPU.Build.0 = Debug|Any CPU
		{318A5964-A9A8-667F-0892-74735132AB9F}.Release|Any CPU.ActiveCfg = Release|Any CPU
		{318A5964-A9A8-667F-0892-74735132AB9F}.Release|Any CPU.Build.0 = Release|Any CPU
	EndGlobalSection
	GlobalSection(SolutionProperties) = preSolution
		HideSolutionNode = FALSE
	EndGlobalSection
												GlobalSection(MonoDevelopProperties) = preSolution
		StartupItem = Assembly-CSharp.csproj
		Policies = $0
		$0.TextStylePolicy = $1
		$1.inheritsSet = null
		$1.scope = text/x-csharp
		$0.CSharpFormattingPolicy = $2
		$2.inheritsSet = Mono
		$2.inheritsScope = text/x-csharp
		$2.scope = text/x-csharp
		$0.TextStylePolicy = $3
		$3.FileWidth = 120
		$3.TabWidth = 4
		$3.EolMarker = Unix
		$3.inheritsSet = Mono
		$3.inheritsScope = text/plain
		$3.scope = text/plain
	EndGlobalSection

EndGlobal
